{
  "name": "formora-e2e",
  "lockfileVersion": 3,
  "requires": true,
  "packages": {
    "": {
      "name": "formora-e2e",
      "dependencies": {
        "dns2": "^2.4.0"
      }
    },
    "node_modules/dns2": {
      "version": "2.4.0",
      "resolved": "https://registry.npmjs.org/dns2/-/dns2-2.4.0.tgz",
      "integrity": "sha512-bfp/GkZMTUKTgJw++sHbaOs1iep8tMzo1I9P0oFIVBh+t0yt4HfOrx9BfGfs+Gum/g8eaZNEESuyQRcLuFfQ/A==",
      "license": "MIT"
    }
  }
}
